
Microsoft Visual Studio Solution File, Format Version 12.00
# Visual Studio Version 17
VisualStudioVersion = 17.9.34616.47
MinimumVisualStudioVersion = 10.0.40219.1
Project("{FAE04EC0-301F-11D3-BF4B-00C04F79EFBC}") = "TPmod3", "TPmod3\TPmod3.csproj", "{3F97D5C6-E319-40AF-A87A-74DA2D516690}"
EndProject
Global
	GlobalSection(SolutionConfigurationPlatforms) = preSolution
		Debug|Any CPU = Debug|Any CPU
		Release|Any CPU = Release|Any CPU
	EndGlobalSection
	GlobalSection(ProjectConfigurationPlatforms) = postSolution
		{3F97D5C6-E319-40AF-A87A-74DA2D516690}.Debug|Any CPU.ActiveCfg = Debug|Any CPU
		{3F97D5C6-E319-40AF-A87A-74DA2D516690}.Debug|Any CPU.Build.0 = Debug|Any CPU
		{3F97D5C6-E319-40AF-A87A-74DA2D516690}.Release|Any CPU.ActiveCfg = Release|Any CPU
		{3F97D5C6-E319-40AF-A87A-74DA2D516690}.Release|Any CPU.Build.0 = Release|Any CPU
	EndGlobalSection
	GlobalSection(SolutionProperties) = preSolution
		HideSolutionNode = FALSE
	EndGlobalSection
	GlobalSection(ExtensibilityGlobals) = postSolution
		SolutionGuid = {898F826B-ABD7-4DFF-BC13-E86A0E7F851F}
	EndGlobalSection
EndGlobal
